
Microsoft Visual Studio Solution File, Format Version 12.00
# Visual Studio Version 17
VisualStudioVersion = 17.14.36603.0
MinimumVisualStudioVersion = 10.0.40219.1
Project("{FAE04EC0-301F-11D3-BF4B-00C04F79EFBC}") = "RDControl.Repository", "RDControl.Repository\RDControl.Repository.csproj", "{793C79EE-A2A6-40D0-A4B6-875AE99F5218}"
EndProject
Project("{FAE04EC0-301F-11D3-BF4B-00C04F79EFBC}") = "RDControl.Domain", "RDControl.Domain\RDControl.Domain.csproj", "{CAFE11EC-16D3-4BF8-90B6-CD77DF42C048}"
EndProject
Project("{FAE04EC0-301F-11D3-BF4B-00C04F79EFBC}") = "RDControl.Test", "RDControl.Test\RDControl.Test.csproj", "{99DFDA51-7E44-4583-82A6-972BB38064D3}"
EndProject
Project("{FAE04EC0-301F-11D3-BF4B-00C04F79EFBC}") = "RDControl.Service", "RDControl.Service\RDControl.Service.csproj", "{89B0F502-566D-4644-B4E9-F08290C9FD50}"
EndProject
Project("{FAE04EC0-301F-11D3-BF4B-00C04F79EFBC}") = "RDControl.App", "RDControl.App\RDControl.App.csproj", "{A03B69F3-BE2C-4016-8B4F-9127A6690A26}"
EndProject
Global
	GlobalSection(SolutionConfigurationPlatforms) = preSolution
		Debug|Any CPU = Debug|Any CPU
		Release|Any CPU = Release|Any CPU
	EndGlobalSection
	GlobalSection(ProjectConfigurationPlatforms) = postSolution
		{793C79EE-A2A6-40D0-A4B6-875AE99F5218}.Debug|Any CPU.ActiveCfg = Debug|Any CPU
		{793C79EE-A2A6-40D0-A4B6-875AE99F5218}.Debug|Any CPU.Build.0 = Debug|Any CPU
		{793C79EE-A2A6-40D0-A4B6-875AE99F5218}.Release|Any CPU.ActiveCfg = Release|Any CPU
		{793C79EE-A2A6-40D0-A4B6-875AE99F5218}.Release|Any CPU.Build.0 = Release|Any CPU
		{CAFE11EC-16D3-4BF8-90B6-CD77DF42C048}.Debug|Any CPU.ActiveCfg = Debug|Any CPU
		{CAFE11EC-16D3-4BF8-90B6-CD77DF42C048}.Debug|Any CPU.Build.0 = Debug|Any CPU
		{CAFE11EC-16D3-4BF8-90B6-CD77DF42C048}.Release|Any CPU.ActiveCfg = Release|Any CPU
		{CAFE11EC-16D3-4BF8-90B6-CD77DF42C048}.Release|Any CPU.Build.0 = Release|Any CPU
		{99DFDA51-7E44-4583-82A6-972BB38064D3}.Debug|Any CPU.ActiveCfg = Debug|Any CPU
		{99DFDA51-7E44-4583-82A6-972BB38064D3}.Debug|Any CPU.Build.0 = Debug|Any CPU
		{99DFDA51-7E44-4583-82A6-972BB38064D3}.Release|Any CPU.ActiveCfg = Release|Any CPU
		{99DFDA51-7E44-4583-82A6-972BB38064D3}.Release|Any CPU.Build.0 = Release|Any CPU
		{89B0F502-566D-4644-B4E9-F08290C9FD50}.Debug|Any CPU.ActiveCfg = Debug|Any CPU
		{89B0F502-566D-4644-B4E9-F08290C9FD50}.Debug|Any CPU.Build.0 = Debug|Any CPU
		{89B0F502-566D-4644-B4E9-F08290C9FD50}.Release|Any CPU.ActiveCfg = Release|Any CPU
		{89B0F502-566D-4644-B4E9-F08290C9FD50}.Release|Any CPU.Build.0 = Release|Any CPU
		{A03B69F3-BE2C-4016-8B4F-9127A6690A26}.Debug|Any CPU.ActiveCfg = Debug|Any CPU
		{A03B69F3-BE2C-4016-8B4F-9127A6690A26}.Debug|Any CPU.Build.0 = Debug|Any CPU
		{A03B69F3-BE2C-4016-8B4F-9127A6690A26}.Release|Any CPU.ActiveCfg = Release|Any CPU
		{A03B69F3-BE2C-4016-8B4F-9127A6690A26}.Release|Any CPU.Build.0 = Release|Any CPU
	EndGlobalSection
	GlobalSection(SolutionProperties) = preSolution
		HideSolutionNode = FALSE
	EndGlobalSection
	GlobalSection(ExtensibilityGlobals) = postSolution
		SolutionGuid = {749D6634-5E3F-43C4-9ACB-BCD193EBEDB7}
	EndGlobalSection
EndGlobal
